
Microsoft Visual Studio Solution File, Format Version 12.00
# Visual Studio Version 18
VisualStudioVersion = 18.1.11312.151
MinimumVisualStudioVersion = 10.0.40219.1
Project("{8BC9CEB8-8B4A-11D0-8D11-00A0C91BC942}") = "ArrayList", "ArrayList\ArrayList.vcxproj", "{E718E9A9-71F6-4368-96FD-6B727AA4C7AF}"
EndProject
Project("{8BC9CEB8-8B4A-11D0-8D11-00A0C91BC942}") = "linkList", "linkList\linkList.vcxproj", "{A72C655B-DB09-4841-9B03-F4DA96AEEBF4}"
EndProject
Project("{8BC9CEB8-8B4A-11D0-8D11-00A0C91BC942}") = "LinkLoopList", "LinkLoopList\LinkLoopList.vcxproj", "{BB351D1B-6EDD-42D9-BF42-C5E7C992C91C}"
EndProject
Project("{8BC9CEB8-8B4A-11D0-8D11-00A0C91BC942}") = "DoubleLoopLinkList", "DOubleLoopLinkList\DOubleLoopLinkList.vcxproj", "{84980B27-30E3-4E71-8CEF-96EE50E27995}"
EndProject
Project("{8BC9CEB8-8B4A-11D0-8D11-00A0C91BC942}") = "ArrayStack", "ArrayStack\ArrayStack.vcxproj", "{57CA95C2-7113-4563-ADDB-10462F7024E3}"
EndProject
Project("{8BC9CEB8-8B4A-11D0-8D11-00A0C91BC942}") = "LinkStack", "LinkStack\LinkStack.vcxproj", "{2CEABE72-DD7F-4170-83DC-8D5A90EAFCDC}"
EndProject
Project("{8BC9CEB8-8B4A-11D0-8D11-00A0C91BC942}") = "ArrayQueue", "ArrayQueue\ArrayQueue.vcxproj", "{BADED175-3B88-467B-AC24-AD5214194B82}"
EndProject
Project("{8BC9CEB8-8B4A-11D0-8D11-00A0C91BC942}") = "LinkQueue", "LinkQueue\LinkQueue.vcxproj", "{DBE55253-E8F4-4AEB-893E-B7C8EF8EE054}"
EndProject
Project("{8BC9CEB8-8B4A-11D0-8D11-00A0C91BC942}") = "BinaryTree", "BinaryTree\BinaryTree.vcxproj", "{C2966FAE-DD18-4A06-8842-FC05BA0980F6}"
EndProject
Project("{8BC9CEB8-8B4A-11D0-8D11-00A0C91BC942}") = "ThreadedTree", "ThreadedTree\ThreadedTree.vcxproj", "{6801EDB8-77CA-4AFE-904B-1B17E9868D42}"
EndProject
Project("{8BC9CEB8-8B4A-11D0-8D11-00A0C91BC942}") = "BinarySearchTree", "BinarySearchTree\BinarySearchTree.vcxproj", "{1B8CFBBF-00F4-481E-BBF4-0EF65260A71C}"
EndProject
Project("{8BC9CEB8-8B4A-11D0-8D11-00A0C91BC942}") = "avlTree", "avlTree\avlTree.vcxproj", "{00ED6B4A-1BCD-4561-BC86-528D3101A757}"
EndProject
Project("{8BC9CEB8-8B4A-11D0-8D11-00A0C91BC942}") = "quickFind", "quickFind\quickFind.vcxproj", "{788970B5-DCB2-4D2A-ABCC-F46D8E895572}"
EndProject
Project("{8BC9CEB8-8B4A-11D0-8D11-00A0C91BC942}") = "quickUnino", "quickUnino\quickUnino.vcxproj", "{3381AE9C-558A-44E3-95FF-686316C4CF9D}"
EndProject
Project("{8BC9CEB8-8B4A-11D0-8D11-00A0C91BC942}") = "huffmanTree", "huffmanTree\huffmanTree.vcxproj", "{34D2028D-E5A0-4198-9CA6-372E2452B49E}"
EndProject
Project("{8BC9CEB8-8B4A-11D0-8D11-00A0C91BC942}") = "matrixGraph", "matrixGraph\matrixGraph.vcxproj", "{66217B2F-5B32-4DAD-B615-B78D416A32E0}"
EndProject
Project("{8BC9CEB8-8B4A-11D0-8D11-00A0C91BC942}") = "AdjacenceGraph", "AdjacenceGraph\AdjacenceGraph.vcxproj", "{9A060449-9BB7-446C-9C41-BF0A1D84257E}"
EndProject
Project("{8BC9CEB8-8B4A-11D0-8D11-00A0C91BC942}") = "crossList", "crossList\crossList.vcxproj", "{657705AA-5D67-4CF5-AFE7-F6F28D143159}"
EndProject
Project("{8BC9CEB8-8B4A-11D0-8D11-00A0C91BC942}") = "kruskal", "kruskal\kruskal.vcxproj", "{8D8083D3-4C25-43C5-B798-DE9E0CAD3350}"
EndProject
Project("{8BC9CEB8-8B4A-11D0-8D11-00A0C91BC942}") = "prim", "prim\prim.vcxproj", "{1B95611C-771D-4FB8-B02D-0E614D76935F}"
EndProject
Project("{8BC9CEB8-8B4A-11D0-8D11-00A0C91BC942}") = "Dijkstra", "Dijkstra\Dijkstra.vcxproj", "{6ACF5DB9-6174-4180-9138-8E34CD77FA97}"
EndProject
Project("{8BC9CEB8-8B4A-11D0-8D11-00A0C91BC942}") = "topological sorting", "topological sorting\topological sorting.vcxproj", "{C569F99A-0874-4A13-9255-8CBAFAC44E21}"
EndProject
Project("{8BC9CEB8-8B4A-11D0-8D11-00A0C91BC942}") = "Keypath", "Keypath\Keypath.vcxproj", "{FD6365ED-D60E-44DD-AC9D-01D963DC0181}"
EndProject
Project("{8BC9CEB8-8B4A-11D0-8D11-00A0C91BC942}") = "InsertSort", "InsertSort\InsertSort.vcxproj", "{3D3CE92D-0EFE-4740-8C7E-2550E1045970}"
EndProject
Project("{8BC9CEB8-8B4A-11D0-8D11-00A0C91BC942}") = "SwapSort", "SwapSort\SwapSort.vcxproj", "{3724C0E4-6C9E-4262-9800-60D99EEAAEF4}"
EndProject
Project("{8BC9CEB8-8B4A-11D0-8D11-00A0C91BC942}") = "HeapSort", "HeapSort\HeapSort.vcxproj", "{1A780C22-A211-4D9A-8682-75011EBBC71E}"
EndProject
Project("{8BC9CEB8-8B4A-11D0-8D11-00A0C91BC942}") = "mergeSort", "mergeSort\mergeSort.vcxproj", "{4F1F2290-6496-443C-B274-1B20889FBFF9}"
EndProject
Project("{2150E333-8FDC-42A3-9474-1A3956D46DE8}") = "1.Data_Structure", "1.Data_Structure", "{6E660B71-F3B0-4C64-BAE3-D50B12258601}"
EndProject
Project("{2150E333-8FDC-42A3-9474-1A3956D46DE8}") = "2.Algorithm", "2.Algorithm", "{61702E29-2644-4603-9AA3-F8456D8E447D}"
EndProject
Project("{8BC9CEB8-8B4A-11D0-8D11-00A0C91BC942}") = "find", "find\find.vcxproj", "{C98D12EB-E559-41D1-B60C-027CB970322D}"
EndProject
Project("{8BC9CEB8-8B4A-11D0-8D11-00A0C91BC942}") = "Red_Black_Tree", "Red_Black_Tree\Red_Black_Tree.vcxproj", "{39A5EAC7-C0AB-4CDA-9D1E-1DFA2E0ECE8B}"
EndProject
Global
	GlobalSection(SolutionConfigurationPlatforms) = preSolution
		Debug|x64 = Debug|x64
		Debug|x86 = Debug|x86
		Release|x64 = Release|x64
		Release|x86 = Release|x86
	EndGlobalSection
	GlobalSection(ProjectConfigurationPlatforms) = postSolution
		{E718E9A9-71F6-4368-96FD-6B727AA4C7AF}.Debug|x64.ActiveCfg = Debug|x64
		{E718E9A9-71F6-4368-96FD-6B727AA4C7AF}.Debug|x64.Build.0 = Debug|x64
		{E718E9A9-71F6-4368-96FD-6B727AA4C7AF}.Debug|x86.ActiveCfg = Debug|Win32
		{E718E9A9-71F6-4368-96FD-6B727AA4C7AF}.Debug|x86.Build.0 = Debug|Win32
		{E718E9A9-71F6-4368-96FD-6B727AA4C7AF}.Release|x64.ActiveCfg = Release|x64
		{E718E9A9-71F6-4368-96FD-6B727AA4C7AF}.Release|x64.Build.0 = Release|x64
		{E718E9A9-71F6-4368-96FD-6B727AA4C7AF}.Release|x86.ActiveCfg = Release|Win32
		{E718E9A9-71F6-4368-96FD-6B727AA4C7AF}.Release|x86.Build.0 = Release|Win32
		{A72C655B-DB09-4841-9B03-F4DA96AEEBF4}.Debug|x64.ActiveCfg = Debug|x64
		{A72C655B-DB09-4841-9B03-F4DA96AEEBF4}.Debug|x64.Build.0 = Debug|x64
		{A72C655B-DB09-4841-9B03-F4DA96AEEBF4}.Debug|x86.ActiveCfg = Debug|Win32
		{A72C655B-DB09-4841-9B03-F4DA96AEEBF4}.Debug|x86.Build.0 = Debug|Win32
		{A72C655B-DB09-4841-9B03-F4DA96AEEBF4}.Release|x64.ActiveCfg = Release|x64
		{A72C655B-DB09-4841-9B03-F4DA96AEEBF4}.Release|x64.Build.0 = Release|x64
		{A72C655B-DB09-4841-9B03-F4DA96AEEBF4}.Release|x86.ActiveCfg = Release|Win32
		{A72C655B-DB09-4841-9B03-F4DA96AEEBF4}.Release|x86.Build.0 = Release|Win32
		{BB351D1B-6EDD-42D9-BF42-C5E7C992C91C}.Debug|x64.ActiveCfg = Debug|x64
		{BB351D1B-6EDD-42D9-BF42-C5E7C992C91C}.Debug|x64.Build.0 = Debug|x64
		{BB351D1B-6EDD-42D9-BF42-C5E7C992C91C}.Debug|x86.ActiveCfg = Debug|Win32
		{BB351D1B-6EDD-42D9-BF42-C5E7C992C91C}.Debug|x86.Build.0 = Debug|Win32
		{BB351D1B-6EDD-42D9-BF42-C5E7C992C91C}.Release|x64.ActiveCfg = Release|x64
		{BB351D1B-6EDD-42D9-BF42-C5E7C992C91C}.Release|x64.Build.0 = Release|x64
		{BB351D1B-6EDD-42D9-BF42-C5E7C992C91C}.Release|x86.ActiveCfg = Release|Win32
		{BB351D1B-6EDD-42D9-BF42-C5E7C992C91C}.Release|x86.Build.0 = Release|Win32
		{84980B27-30E3-4E71-8CEF-96EE50E27995}.Debug|x64.ActiveCfg = Debug|x64
		{84980B27-30E3-4E71-8CEF-96EE50E27995}.Debug|x64.Build.0 = Debug|x64
		{84980B27-30E3-4E71-8CEF-96EE50E27995}.Debug|x86.ActiveCfg = Debug|Win32
		{84980B27-30E3-4E71-8CEF-96EE50E27995}.Debug|x86.Build.0 = Debug|Win32
		{84980B27-30E3-4E71-8CEF-96EE50E27995}.Release|x64.ActiveCfg = Release|x64
		{84980B27-30E3-4E71-8CEF-96EE50E27995}.Release|x64.Build.0 = Release|x64
		{84980B27-30E3-4E71-8CEF-96EE50E27995}.Release|x86.ActiveCfg = Release|Win32
		{84980B27-30E3-4E71-8CEF-96EE50E27995}.Release|x86.Build.0 = Release|Win32
		{57CA95C2-7113-4563-ADDB-10462F7024E3}.Debug|x64.ActiveCfg = Debug|x64
		{57CA95C2-7113-4563-ADDB-10462F7024E3}.Debug|x64.Build.0 = Debug|x64
		{57CA95C2-7113-4563-ADDB-10462F7024E3}.Debug|x86.ActiveCfg = Debug|Win32
		{57CA95C2-7113-4563-ADDB-10462F7024E3}.Debug|x86.Build.0 = Debug|Win32
		{57CA95C2-7113-4563-ADDB-10462F7024E3}.Release|x64.ActiveCfg = Release|x64
		{57CA95C2-7113-4563-ADDB-10462F7024E3}.Release|x64.Build.0 = Release|x64
		{57CA95C2-7113-4563-ADDB-10462F7024E3}.Release|x86.ActiveCfg = Release|Win32
		{57CA95C2-7113-4563-ADDB-10462F7024E3}.Release|x86.Build.0 = Release|Win32
		{2CEABE72-DD7F-4170-83DC-8D5A90EAFCDC}.Debug|x64.ActiveCfg = Debug|x64
		{2CEABE72-DD7F-4170-83DC-8D5A90EAFCDC}.Debug|x64.Build.0 = Debug|x64
		{2CEABE72-DD7F-4170-83DC-8D5A90EAFCDC}.Debug|x86.ActiveCfg = Debug|Win32
		{2CEABE72-DD7F-4170-83DC-8D5A90EAFCDC}.Debug|x86.Build.0 = Debug|Win32
		{2CEABE72-DD7F-4170-83DC-8D5A90EAFCDC}.Release|x64.ActiveCfg = Release|x64
		{2CEABE72-DD7F-4170-83DC-8D5A90EAFCDC}.Release|x64.Build.0 = Release|x64
		{2CEABE72-DD7F-4170-83DC-8D5A90EAFCDC}.Release|x86.ActiveCfg = Release|Win32
		{2CEABE72-DD7F-4170-83DC-8D5A90EAFCDC}.Release|x86.Build.0 = Release|Win32
		{BADED175-3B88-467B-AC24-AD5214194B82}.Debug|x64.ActiveCfg = Debug|x64
		{BADED175-3B88-467B-AC24-AD5214194B82}.Debug|x64.Build.0 = Debug|x64
		{BADED175-3B88-467B-AC24-AD5214194B82}.Debug|x86.ActiveCfg = Debug|Win32
		{BADED175-3B88-467B-AC24-AD5214194B82}.Debug|x86.Build.0 = Debug|Win32
		{BADED175-3B88-467B-AC24-AD5214194B82}.Release|x64.ActiveCfg = Release|x64
		{BADED175-3B88-467B-AC24-AD5214194B82}.Release|x64.Build.0 = Release|x64
		{BADED175-3B88-467B-AC24-AD5214194B82}.Release|x86.ActiveCfg = Release|Win32
		{BADED175-3B88-467B-AC24-AD5214194B82}.Release|x86.Build.0 = Release|Win32
		{DBE55253-E8F4-4AEB-893E-B7C8EF8EE054}.Debug|x64.ActiveCfg = Debug|x64
		{DBE55253-E8F4-4AEB-893E-B7C8EF8EE054}.Debug|x64.Build.0 = Debug|x64
		{DBE55253-E8F4-4AEB-893E-B7C8EF8EE054}.Debug|x86.ActiveCfg = Debug|Win32
		{DBE55253-E8F4-4AEB-893E-B7C8EF8EE054}.Debug|x86.Build.0 = Debug|Win32
		{DBE55253-E8F4-4AEB-893E-B7C8EF8EE054}.Release|x64.ActiveCfg = Release|x64
		{DBE55253-E8F4-4AEB-893E-B7C8EF8EE054}.Release|x64.Build.0 = Release|x64
		{DBE55253-E8F4-4AEB-893E-B7C8EF8EE054}.Release|x86.ActiveCfg = Release|Win32
		{DBE55253-E8F4-4AEB-893E-B7C8EF8EE054}.Release|x86.Build.0 = Release|Win32
		{C2966FAE-DD18-4A06-8842-FC05BA0980F6}.Debug|x64.ActiveCfg = Debug|x64
		{C2966FAE-DD18-4A06-8842-FC05BA0980F6}.Debug|x64.Build.0 = Debug|x64
		{C2966FAE-DD18-4A06-8842-FC05BA0980F6}.Debug|x86.ActiveCfg = Debug|Win32
		{C2966FAE-DD18-4A06-8842-FC05BA0980F6}.Debug|x86.Build.0 = Debug|Win32
		{C2966FAE-DD18-4A06-8842-FC05BA0980F6}.Release|x64.ActiveCfg = Release|x64
		{C2966FAE-DD18-4A06-8842-FC05BA0980F6}.Release|x64.Build.0 = Release|x64
		{C2966FAE-DD18-4A06-8842-FC05BA0980F6}.Release|x86.ActiveCfg = Release|Win32
		{C2966FAE-DD18-4A06-8842-FC05BA0980F6}.Release|x86.Build.0 = Release|Win32
		{6801EDB8-77CA-4AFE-904B-1B17E9868D42}.Debug|x64.ActiveCfg = Debug|x64
		{6801EDB8-77CA-4AFE-904B-1B17E9868D42}.Debug|x64.Build.0 = Debug|x64
		{6801EDB8-77CA-4AFE-904B-1B17E9868D42}.Debug|x86.ActiveCfg = Debug|Win32
		{6801EDB8-77CA-4AFE-904B-1B17E9868D42}.Debug|x86.Build.0 = Debug|Win32
		{6801EDB8-77CA-4AFE-904B-1B17E9868D42}.Release|x64.ActiveCfg = Release|x64
		{6801EDB8-77CA-4AFE-904B-1B17E9868D42}.Release|x64.Build.0 = Release|x64
		{6801EDB8-77CA-4AFE-904B-1B17E9868D42}.Release|x86.ActiveCfg = Release|Win32
		{6801EDB8-77CA-4AFE-904B-1B17E9868D42}.Release|x86.Build.0 = Release|Win32
		{1B8CFBBF-00F4-481E-BBF4-0EF65260A71C}.Debug|x64.ActiveCfg = Debug|x64
		{1B8CFBBF-00F4-481E-BBF4-0EF65260A71C}.Debug|x64.Build.0 = Debug|x64
		{1B8CFBBF-00F4-481E-BBF4-0EF65260A71C}.Debug|x86.ActiveCfg = Debug|Win32
		{1B8CFBBF-00F4-481E-BBF4-0EF65260A71C}.Debug|x86.Build.0 = Debug|Win32
		{1B8CFBBF-00F4-481E-BBF4-0EF65260A71C}.Release|x64.ActiveCfg = Release|x64
		{1B8CFBBF-00F4-481E-BBF4-0EF65260A71C}.Release|x64.Build.0 = Release|x64
		{1B8CFBBF-00F4-481E-BBF4-0EF65260A71C}.Release|x86.ActiveCfg = Release|Win32
		{1B8CFBBF-00F4-481E-BBF4-0EF65260A71C}.Release|x86.Build.0 = Release|Win32
		{00ED6B4A-1BCD-4561-BC86-528D3101A757}.Debug|x64.ActiveCfg = Debug|x64
		{00ED6B4A-1BCD-4561-BC86-528D3101A757}.Debug|x64.Build.0 = Debug|x64
		{00ED6B4A-1BCD-4561-BC86-528D3101A757}.Debug|x86.ActiveCfg = Debug|Win32
		{00ED6B4A-1BCD-4561-BC86-528D3101A757}.Debug|x86.Build.0 = Debug|Win32
		{00ED6B4A-1BCD-4561-BC86-528D3101A757}.Release|x64.ActiveCfg = Release|x64
		{00ED6B4A-1BCD-4561-BC86-528D3101A757}.Release|x64.Build.0 = Release|x64
		{00ED6B4A-1BCD-4561-BC86-528D3101A757}.Release|x86.ActiveCfg = Release|Win32
		{00ED6B4A-1BCD-4561-BC86-528D3101A757}.Release|x86.Build.0 = Release|Win32
		{788970B5-DCB2-4D2A-ABCC-F46D8E895572}.Debug|x64.ActiveCfg = Debug|x64
		{788970B5-DCB2-4D2A-ABCC-F46D8E895572}.Debug|x64.Build.0 = Debug|x64
		{788970B5-DCB2-4D2A-ABCC-F46D8E895572}.Debug|x86.ActiveCfg = Debug|Win32
		{788970B5-DCB2-4D2A-ABCC-F46D8E895572}.Debug|x86.Build.0 = Debug|Win32
		{788970B5-DCB2-4D2A-ABCC-F46D8E895572}.Release|x64.ActiveCfg = Release|x64
		{788970B5-DCB2-4D2A-ABCC-F46D8E895572}.Release|x64.Build.0 = Release|x64
		{788970B5-DCB2-4D2A-ABCC-F46D8E895572}.Release|x86.ActiveCfg = Release|Win32
		{788970B5-DCB2-4D2A-ABCC-F46D8E895572}.Release|x86.Build.0 = Release|Win32
		{3381AE9C-558A-44E3-95FF-686316C4CF9D}.Debug|x64.ActiveCfg = Debug|x64
		{3381AE9C-558A-44E3-95FF-686316C4CF9D}.Debug|x64.Build.0 = Debug|x64
		{3381AE9C-558A-44E3-95FF-686316C4CF9D}.Debug|x86.ActiveCfg = Debug|Win32
		{3381AE9C-558A-44E3-95FF-686316C4CF9D}.Debug|x86.Build.0 = Debug|Win32
		{3381AE9C-558A-44E3-95FF-686316C4CF9D}.Release|x64.ActiveCfg = Release|x64
		{3381AE9C-558A-44E3-95FF-686316C4CF9D}.Release|x64.Build.0 = Release|x64
		{3381AE9C-558A-44E3-95FF-686316C4CF9D}.Release|x86.ActiveCfg = Release|Win32
		{3381AE9C-558A-44E3-95FF-686316C4CF9D}.Release|x86.Build.0 = Release|Win32
		{34D2028D-E5A0-4198-9CA6-372E2452B49E}.Debug|x64.ActiveCfg = Debug|x64
		{34D2028D-E5A0-4198-9CA6-372E2452B49E}.Debug|x64.Build.0 = Debug|x64
		{34D2028D-E5A0-4198-9CA6-372E2452B49E}.Debug|x86.ActiveCfg = Debug|Win32
		{34D2028D-E5A0-4198-9CA6-372E2452B49E}.Debug|x86.Build.0 = Debug|Win32
		{34D2028D-E5A0-4198-9CA6-372E2452B49E}.Release|x64.ActiveCfg = Release|x64
		{34D2028D-E5A0-4198-9CA6-372E2452B49E}.Release|x64.Build.0 = Release|x64
		{34D2028D-E5A0-4198-9CA6-372E2452B49E}.Release|x86.ActiveCfg = Release|Win32
		{34D2028D-E5A0-4198-9CA6-372E2452B49E}.Release|x86.Build.0 = Release|Win32
		{66217B2F-5B32-4DAD-B615-B78D416A32E0}.Debug|x64.ActiveCfg = Debug|x64
		{66217B2F-5B32-4DAD-B615-B78D416A32E0}.Debug|x64.Build.0 = Debug|x64
		{66217B2F-5B32-4DAD-B615-B78D416A32E0}.Debug|x86.ActiveCfg = Debug|Win32
		{66217B2F-5B32-4DAD-B615-B78D416A32E0}.Debug|x86.Build.0 = Debug|Win32
		{66217B2F-5B32-4DAD-B615-B78D416A32E0}.Release|x64.ActiveCfg = Release|x64
		{66217B2F-5B32-4DAD-B615-B78D416A32E0}.Release|x64.Build.0 = Release|x64
		{66217B2F-5B32-4DAD-B615-B78D416A32E0}.Release|x86.ActiveCfg = Release|Win32
		{66217B2F-5B32-4DAD-B615-B78D416A32E0}.Release|x86.Build.0 = Release|Win32
		{9A060449-9BB7-446C-9C41-BF0A1D84257E}.Debug|x64.ActiveCfg = Debug|x64
		{9A060449-9BB7-446C-9C41-BF0A1D84257E}.Debug|x64.Build.0 = Debug|x64
		{9A060449-9BB7-446C-9C41-BF0A1D84257E}.Debug|x86.ActiveCfg = Debug|Win32
		{9A060449-9BB7-446C-9C41-BF0A1D84257E}.Debug|x86.Build.0 = Debug|Win32
		{9A060449-9BB7-446C-9C41-BF0A1D84257E}.Release|x64.ActiveCfg = Release|x64
		{9A060449-9BB7-446C-9C41-BF0A1D84257E}.Release|x64.Build.0 = Release|x64
		{9A060449-9BB7-446C-9C41-BF0A1D84257E}.Release|x86.ActiveCfg = Release|Win32
		{9A060449-9BB7-446C-9C41-BF0A1D84257E}.Release|x86.Build.0 = Release|Win32
		{657705AA-5D67-4CF5-AFE7-F6F28D143159}.Debug|x64.ActiveCfg = Debug|x64
		{657705AA-5D67-4CF5-AFE7-F6F28D143159}.Debug|x64.Build.0 = Debug|x64
		{657705AA-5D67-4CF5-AFE7-F6F28D143159}.Debug|x86.ActiveCfg = Debug|Win32
		{657705AA-5D67-4CF5-AFE7-F6F28D143159}.Debug|x86.Build.0 = Debug|Win32
		{657705AA-5D67-4CF5-AFE7-F6F28D143159}.Release|x64.ActiveCfg = Release|x64
		{657705AA-5D67-4CF5-AFE7-F6F28D143159}.Release|x64.Build.0 = Release|x64
		{657705AA-5D67-4CF5-AFE7-F6F28D143159}.Release|x86.ActiveCfg = Release|Win32
		{657705AA-5D67-4CF5-AFE7-F6F28D143159}.Release|x86.Build.0 = Release|Win32
		{8D8083D3-4C25-43C5-B798-DE9E0CAD3350}.Debug|x64.ActiveCfg = Debug|x64
		{8D8083D3-4C25-43C5-B798-DE9E0CAD3350}.Debug|x64.Build.0 = Debug|x64
		{8D8083D3-4C25-43C5-B798-DE9E0CAD3350}.Debug|x86.ActiveCfg = Debug|Win32
		{8D8083D3-4C25-43C5-B798-DE9E0CAD3350}.Debug|x86.Build.0 = Debug|Win32
		{8D8083D3-4C25-43C5-B798-DE9E0CAD3350}.Release|x64.ActiveCfg = Release|x64
		{8D8083D3-4C25-43C5-B798-DE9E0CAD3350}.Release|x64.Build.0 = Release|x64
		{8D8083D3-4C25-43C5-B798-DE9E0CAD3350}.Release|x86.ActiveCfg = Release|Win32
		{8D8083D3-4C25-43C5-B798-DE9E0CAD3350}.Release|x86.Build.0 = Release|Win32
		{1B95611C-771D-4FB8-B02D-0E614D76935F}.Debug|x64.ActiveCfg = Debug|x64
		{1B95611C-771D-4FB8-B02D-0E614D76935F}.Debug|x64.Build.0 = Debug|x64
		{1B95611C-771D-4FB8-B02D-0E614D76935F}.Debug|x86.ActiveCfg = Debug|Win32
		{1B95611C-771D-4FB8-B02D-0E614D76935F}.Debug|x86.Build.0 = Debug|Win32
		{1B95611C-771D-4FB8-B02D-0E614D76935F}.Release|x64.ActiveCfg = Release|x64
		{1B95611C-771D-4FB8-B02D-0E614D76935F}.Release|x64.Build.0 = Release|x64
		{1B95611C-771D-4FB8-B02D-0E614D76935F}.Release|x86.ActiveCfg = Release|Win32
		{1B95611C-771D-4FB8-B02D-0E614D76935F}.Release|x86.Build.0 = Release|Win32
		{6ACF5DB9-6174-4180-9138-8E34CD77FA97}.Debug|x64.ActiveCfg = Debug|x64
		{6ACF5DB9-6174-4180-9138-8E34CD77FA97}.Debug|x64.Build.0 = Debug|x64
		{6ACF5DB9-6174-4180-9138-8E34CD77FA97}.Debug|x86.ActiveCfg = Debug|Win32
		{6ACF5DB9-6174-4180-9138-8E34CD77FA97}.Debug|x86.Build.0 = Debug|Win32
		{6ACF5DB9-6174-4180-9138-8E34CD77FA97}.Release|x64.ActiveCfg = Release|x64
		{6ACF5DB9-6174-4180-9138-8E34CD77FA97}.Release|x64.Build.0 = Release|x64
		{6ACF5DB9-6174-4180-9138-8E34CD77FA97}.Release|x86.ActiveCfg = Release|Win32
		{6ACF5DB9-6174-4180-9138-8E34CD77FA97}.Release|x86.Build.0 = Release|Win32
		{C569F99A-0874-4A13-9255-8CBAFAC44E21}.Debug|x64.ActiveCfg = Debug|x64
		{C569F99A-0874-4A13-9255-8CBAFAC44E21}.Debug|x64.Build.0 = Debug|x64
		{C569F99A-0874-4A13-9255-8CBAFAC44E21}.Debug|x86.ActiveCfg = Debug|Win32
		{C569F99A-0874-4A13-9255-8CBAFAC44E21}.Debug|x86.Build.0 = Debug|Win32
		{C569F99A-0874-4A13-9255-8CBAFAC44E21}.Release|x64.ActiveCfg = Release|x64
		{C569F99A-0874-4A13-9255-8CBAFAC44E21}.Release|x64.Build.0 = Release|x64
		{C569F99A-0874-4A13-9255-8CBAFAC44E21}.Release|x86.ActiveCfg = Release|Win32
		{C569F99A-0874-4A13-9255-8CBAFAC44E21}.Release|x86.Build.0 = Release|Win32
		{FD6365ED-D60E-44DD-AC9D-01D963DC0181}.Debug|x64.ActiveCfg = Debug|x64
		{FD6365ED-D60E-44DD-AC9D-01D963DC0181}.Debug|x64.Build.0 = Debug|x64
		{FD6365ED-D60E-44DD-AC9D-01D963DC0181}.Debug|x86.ActiveCfg = Debug|Win32
		{FD6365ED-D60E-44DD-AC9D-01D963DC0181}.Debug|x86.Build.0 = Debug|Win32
		{FD6365ED-D60E-44DD-AC9D-01D963DC0181}.Release|x64.ActiveCfg = Release|x64
		{FD6365ED-D60E-44DD-AC9D-01D963DC0181}.Release|x64.Build.0 = Release|x64
		{FD6365ED-D60E-44DD-AC9D-01D963DC0181}.Release|x86.ActiveCfg = Release|Win32
		{FD6365ED-D60E-44DD-AC9D-01D963DC0181}.Release|x86.Build.0 = Release|Win32
		{3D3CE92D-0EFE-4740-8C7E-2550E1045970}.Debug|x64.ActiveCfg = Debug|x64
		{3D3CE92D-0EFE-4740-8C7E-2550E1045970}.Debug|x64.Build.0 = Debug|x64
		{3D3CE92D-0EFE-4740-8C7E-2550E1045970}.Debug|x86.ActiveCfg = Debug|Win32
		{3D3CE92D-0EFE-4740-8C7E-2550E1045970}.Debug|x86.Build.0 = Debug|Win32
		{3D3CE92D-0EFE-4740-8C7E-2550E1045970}.Release|x64.ActiveCfg = Release|x64
		{3D3CE92D-0EFE-4740-8C7E-2550E1045970}.Release|x64.Build.0 = Release|x64
		{3D3CE92D-0EFE-4740-8C7E-2550E1045970}.Release|x86.ActiveCfg = Release|Win32
		{3D3CE92D-0EFE-4740-8C7E-2550E1045970}.Release|x86.Build.0 = Release|Win32
		{3724C0E4-6C9E-4262-9800-60D99EEAAEF4}.Debug|x64.ActiveCfg = Debug|x64
		{3724C0E4-6C9E-4262-9800-60D99EEAAEF4}.Debug|x64.Build.0 = Debug|x64
		{3724C0E4-6C9E-4262-9800-60D99EEAAEF4}.Debug|x86.ActiveCfg = Debug|Win32
		{3724C0E4-6C9E-4262-9800-60D99EEAAEF4}.Debug|x86.Build.0 = Debug|Win32
		{3724C0E4-6C9E-4262-9800-60D99EEAAEF4}.Release|x64.ActiveCfg = Release|x64
		{3724C0E4-6C9E-4262-9800-60D99EEAAEF4}.Release|x64.Build.0 = Release|x64
		{3724C0E4-6C9E-4262-9800-60D99EEAAEF4}.Release|x86.ActiveCfg = Release|Win32
		{3724C0E4-6C9E-4262-9800-60D99EEAAEF4}.Release|x86.Build.0 = Release|Win32
		{1A780C22-A211-4D9A-8682-75011EBBC71E}.Debug|x64.ActiveCfg = Debug|x64
		{1A780C22-A211-4D9A-8682-75011EBBC71E}.Debug|x64.Build.0 = Debug|x64
		{1A780C22-A211-4D9A-8682-75011EBBC71E}.Debug|x86.ActiveCfg = Debug|Win32
		{1A780C22-A211-4D9A-8682-75011EBBC71E}.Debug|x86.Build.0 = Debug|Win32
		{1A780C22-A211-4D9A-8682-75011EBBC71E}.Release|x64.ActiveCfg = Release|x64
		{1A780C22-A211-4D9A-8682-75011EBBC71E}.Release|x64.Build.0 = Release|x64
		{1A780C22-A211-4D9A-8682-75011EBBC71E}.Release|x86.ActiveCfg = Release|Win32
		{1A780C22-A211-4D9A-8682-75011EBBC71E}.Release|x86.Build.0 = Release|Win32
		{4F1F2290-6496-443C-B274-1B20889FBFF9}.Debug|x64.ActiveCfg = Debug|x64
		{4F1F2290-6496-443C-B274-1B20889FBFF9}.Debug|x64.Build.0 = Debug|x64
		{4F1F2290-6496-443C-B274-1B20889FBFF9}.Debug|x86.ActiveCfg = Debug|Win32
		{4F1F2290-6496-443C-B274-1B20889FBFF9}.Debug|x86.Build.0 = Debug|Win32
		{4F1F2290-6496-443C-B274-1B20889FBFF9}.Release|x64.ActiveCfg = Release|x64
		{4F1F2290-6496-443C-B274-1B20889FBFF9}.Release|x64.Build.0 = Release|x64
		{4F1F2290-6496-443C-B274-1B20889FBFF9}.Release|x86.ActiveCfg = Release|Win32
		{4F1F2290-6496-443C-B274-1B20889FBFF9}.Release|x86.Build.0 = Release|Win32
		{C98D12EB-E559-41D1-B60C-027CB970322D}.Debug|x64.ActiveCfg = Debug|x64
		{C98D12EB-E559-41D1-B60C-027CB970322D}.Debug|x64.Build.0 = Debug|x64
		{C98D12EB-E559-41D1-B60C-027CB970322D}.Debug|x86.ActiveCfg = Debug|Win32
		{C98D12EB-E559-41D1-B60C-027CB970322D}.Debug|x86.Build.0 = Debug|Win32
		{C98D12EB-E559-41D1-B60C-027CB970322D}.Release|x64.ActiveCfg = Release|x64
		{C98D12EB-E559-41D1-B60C-027CB970322D}.Release|x64.Build.0 = Release|x64
		{C98D12EB-E559-41D1-B60C-027CB970322D}.Release|x86.ActiveCfg = Release|Win32
		{C98D12EB-E559-41D1-B60C-027CB970322D}.Release|x86.Build.0 = Release|Win32
		{39A5EAC7-C0AB-4CDA-9D1E-1DFA2E0ECE8B}.Debug|x64.ActiveCfg = Debug|x64
		{39A5EAC7-C0AB-4CDA-9D1E-1DFA2E0ECE8B}.Debug|x64.Build.0 = Debug|x64
		{39A5EAC7-C0AB-4CDA-9D1E-1DFA2E0ECE8B}.Debug|x86.ActiveCfg = Debug|Win32
		{39A5EAC7-C0AB-4CDA-9D1E-1DFA2E0ECE8B}.Debug|x86.Build.0 = Debug|Win32
		{39A5EAC7-C0AB-4CDA-9D1E-1DFA2E0ECE8B}.Release|x64.ActiveCfg = Release|x64
		{39A5EAC7-C0AB-4CDA-9D1E-1DFA2E0ECE8B}.Release|x64.Build.0 = Release|x64
		{39A5EAC7-C0AB-4CDA-9D1E-1DFA2E0ECE8B}.Release|x86.ActiveCfg = Release|Win32
		{39A5EAC7-C0AB-4CDA-9D1E-1DFA2E0ECE8B}.Release|x86.Build.0 = Release|Win32
	EndGlobalSection
	GlobalSection(SolutionProperties) = preSolution
		HideSolutionNode = FALSE
	EndGlobalSection
	GlobalSection(NestedProjects) = preSolution
		{E718E9A9-71F6-4368-96FD-6B727AA4C7AF} = {6E660B71-F3B0-4C64-BAE3-D50B12258601}
		{A72C655B-DB09-4841-9B03-F4DA96AEEBF4} = {6E660B71-F3B0-4C64-BAE3-D50B12258601}
		{BB351D1B-6EDD-42D9-BF42-C5E7C992C91C} = {6E660B71-F3B0-4C64-BAE3-D50B12258601}
		{84980B27-30E3-4E71-8CEF-96EE50E27995} = {6E660B71-F3B0-4C64-BAE3-D50B12258601}
		{57CA95C2-7113-4563-ADDB-10462F7024E3} = {6E660B71-F3B0-4C64-BAE3-D50B12258601}
		{2CEABE72-DD7F-4170-83DC-8D5A90EAFCDC} = {6E660B71-F3B0-4C64-BAE3-D50B12258601}
		{BADED175-3B88-467B-AC24-AD5214194B82} = {6E660B71-F3B0-4C64-BAE3-D50B12258601}
		{DBE55253-E8F4-4AEB-893E-B7C8EF8EE054} = {6E660B71-F3B0-4C64-BAE3-D50B12258601}
		{C2966FAE-DD18-4A06-8842-FC05BA0980F6} = {6E660B71-F3B0-4C64-BAE3-D50B12258601}
		{6801EDB8-77CA-4AFE-904B-1B17E9868D42} = {6E660B71-F3B0-4C64-BAE3-D50B12258601}
		{1B8CFBBF-00F4-481E-BBF4-0EF65260A71C} = {6E660B71-F3B0-4C64-BAE3-D50B12258601}
		{00ED6B4A-1BCD-4561-BC86-528D3101A757} = {6E660B71-F3B0-4C64-BAE3-D50B12258601}
		{788970B5-DCB2-4D2A-ABCC-F46D8E895572} = {6E660B71-F3B0-4C64-BAE3-D50B12258601}
		{3381AE9C-558A-44E3-95FF-686316C4CF9D} = {6E660B71-F3B0-4C64-BAE3-D50B12258601}
		{34D2028D-E5A0-4198-9CA6-372E2452B49E} = {6E660B71-F3B0-4C64-BAE3-D50B12258601}
		{66217B2F-5B32-4DAD-B615-B78D416A32E0} = {6E660B71-F3B0-4C64-BAE3-D50B12258601}
		{9A060449-9BB7-446C-9C41-BF0A1D84257E} = {6E660B71-F3B0-4C64-BAE3-D50B12258601}
		{657705AA-5D67-4CF5-AFE7-F6F28D143159} = {6E660B71-F3B0-4C64-BAE3-D50B12258601}
		{8D8083D3-4C25-43C5-B798-DE9E0CAD3350} = {6E660B71-F3B0-4C64-BAE3-D50B12258601}
		{1B95611C-771D-4FB8-B02D-0E614D76935F} = {6E660B71-F3B0-4C64-BAE3-D50B12258601}
		{6ACF5DB9-6174-4180-9138-8E34CD77FA97} = {6E660B71-F3B0-4C64-BAE3-D50B12258601}
		{C569F99A-0874-4A13-9255-8CBAFAC44E21} = {6E660B71-F3B0-4C64-BAE3-D50B12258601}
		{FD6365ED-D60E-44DD-AC9D-01D963DC0181} = {6E660B71-F3B0-4C64-BAE3-D50B12258601}
		{3D3CE92D-0EFE-4740-8C7E-2550E1045970} = {61702E29-2644-4603-9AA3-F8456D8E447D}
		{3724C0E4-6C9E-4262-9800-60D99EEAAEF4} = {61702E29-2644-4603-9AA3-F8456D8E447D}
		{1A780C22-A211-4D9A-8682-75011EBBC71E} = {61702E29-2644-4603-9AA3-F8456D8E447D}
		{4F1F2290-6496-443C-B274-1B20889FBFF9} = {61702E29-2644-4603-9AA3-F8456D8E447D}
		{C98D12EB-E559-41D1-B60C-027CB970322D} = {61702E29-2644-4603-9AA3-F8456D8E447D}
		{39A5EAC7-C0AB-4CDA-9D1E-1DFA2E0ECE8B} = {6E660B71-F3B0-4C64-BAE3-D50B12258601}
	EndGlobalSection
	GlobalSection(ExtensibilityGlobals) = postSolution
		SolutionGuid = {1D206C59-D3F0-4E15-AD52-E1D8DCB1DD05}
	EndGlobalSection
EndGlobal
